// !$*UTF8*$!
{
	archiveVersion = 1;
	classes = {
	};
	objectVersion = 55;
	objects = {

/* Begin PBXBuildFile section */
		803A9EB027A36D4E00C4235B /* SentMemeViewController.swift in Sources */ = {isa = PBXBuildFile; fileRef = 803A9EAF27A36D4E00C4235B /* SentMemeViewController.swift */; };
		803A9EB727A37DAB00C4235B /* RootTableViewController.swift in Sources */ = {isa = PBXBuildFile; fileRef = 803A9EB627A37DAB00C4235B /* RootTableViewController.swift */; };
		80C749B2278E4C1700BEEDAE /* AppDelegate.swift in Sources */ = {isa = PBXBuildFile; fileRef = 80C749B1278E4C1700BEEDAE /* AppDelegate.swift */; };
		80C749B4278E4C1700BEEDAE /* SceneDelegate.swift in Sources */ = {isa = PBXBuildFile; fileRef = 80C749B3278E4C1700BEEDAE /* SceneDelegate.swift */; };
		80C749B6278E4C1700BEEDAE /* NewMemeViewController.swift in Sources */ = {isa = PBXBuildFile; fileRef = 80C749B5278E4C1700BEEDAE /* NewMemeViewController.swift */; };
		80C749B9278E4C1700BEEDAE /* Main.storyboard in Resources */ = {isa = PBXBuildFile; fileRef = 80C749B7278E4C1700BEEDAE /* Main.storyboard */; };
		80C749BB278E4C1E00BEEDAE /* Assets.xcassets in Resources */ = {isa = PBXBuildFile; fileRef = 80C749BA278E4C1E00BEEDAE /* Assets.xcassets */; };
		80C749BE278E4C1E00BEEDAE /* LaunchScreen.storyboard in Resources */ = {isa = PBXBuildFile; fileRef = 80C749BC278E4C1E00BEEDAE /* LaunchScreen.storyboard */; };
		80C749C6278F551F00BEEDAE /* MemeTFDelegate.swift in Sources */ = {isa = PBXBuildFile; fileRef = 80C749C5278F551F00BEEDAE /* MemeTFDelegate.swift */; };
		80C749CB27A2201400BEEDAE /* MemeModel.swift in Sources */ = {isa = PBXBuildFile; fileRef = 80C749CA27A2201400BEEDAE /* MemeModel.swift */; };
		80C749CD27A2207B00BEEDAE /* MemeManager.swift in Sources */ = {isa = PBXBuildFile; fileRef = 80C749CC27A2207B00BEEDAE /* MemeManager.swift */; };
/* End PBXBuildFile section */

/* Begin PBXFileReference section */
		803A9EAF27A36D4E00C4235B /* SentMemeViewController.swift */ = {isa = PBXFileReference; lastKnownFileType = sourcecode.swift; path = SentMemeViewController.swift; sourceTree = "<group>"; };
		803A9EB627A37DAB00C4235B /* RootTableViewController.swift */ = {isa = PBXFileReference; lastKnownFileType = sourcecode.swift; path = RootTableViewController.swift; sourceTree = "<group>"; };
		80C749AE278E4C1700BEEDAE /* MemeME.app */ = {isa = PBXFileReference; explicitFileType = wrapper.application; includeInIndex = 0; path = MemeME.app; sourceTree = BUILT_PRODUCTS_DIR; };
		80C749B1278E4C1700BEEDAE /* AppDelegate.swift */ = {isa = PBXFileReference; lastKnownFileType = sourcecode.swift; path = AppDelegate.swift; sourceTree = "<group>"; };
		80C749B3278E4C1700BEEDAE /* SceneDelegate.swift */ = {isa = PBXFileReference; lastKnownFileType = sourcecode.swift; path = SceneDelegate.swift; sourceTree = "<group>"; };
		80C749B5278E4C1700BEEDAE /* NewMemeViewController.swift */ = {isa = PBXFileReference; lastKnownFileType = sourcecode.swift; path = NewMemeViewController.swift; sourceTree = "<group>"; };
		80C749B8278E4C1700BEEDAE /* Base */ = {isa = PBXFileReference; lastKnownFileType = file.storyboard; name = Base; path = Base.lproj/Main.storyboard; sourceTree = "<group>"; };
		80C749BA278E4C1E00BEEDAE /* Assets.xcassets */ = {isa = PBXFileReference; lastKnownFileType = folder.assetcatalog; path = Assets.xcassets; sourceTree = "<group>"; };
		80C749BD278E4C1E00BEEDAE /* Base */ = {isa = PBXFileReference; lastKnownFileType = file.storyboard; name = Base; path = Base.lproj/LaunchScreen.storyboard; sourceTree = "<group>"; };
		80C749BF278E4C1E00BEEDAE /* Info.plist */ = {isa = PBXFileReference; lastKnownFileType = text.plist.xml; path = Info.plist; sourceTree = "<group>"; };
		80C749C5278F551F00BEEDAE /* MemeTFDelegate.swift */ = {isa = PBXFileReference; lastKnownFileType = sourcecode.swift; path = MemeTFDelegate.swift; sourceTree = "<group>"; };
		80C749CA27A2201400BEEDAE /* MemeModel.swift */ = {isa = PBXFileReference; lastKnownFileType = sourcecode.swift; path = MemeModel.swift; sourceTree = "<group>"; };
		80C749CC27A2207B00BEEDAE /* MemeManager.swift */ = {isa = PBXFileReference; lastKnownFileType = sourcecode.swift; path = MemeManager.swift; sourceTree = "<group>"; };
/* End PBXFileReference section */

/* Begin PBXFrameworksBuildPhase section */
		80C749AB278E4C1700BEEDAE /* Frameworks */ = {
			isa = PBXFrameworksBuildPhase;
			buildActionMask = 2147483647;
			files = (
			);
			runOnlyForDeploymentPostprocessing = 0;
		};
/* End PBXFrameworksBuildPhase section */

/* Begin PBXGroup section */
		803A9EB527A37B9000C4235B /* Models */ = {
			isa = PBXGroup;
			children = (
				80C749CA27A2201400BEEDAE /* MemeModel.swift */,
			);
			path = Models;
			sourceTree = "<group>";
		};
		80C749A5278E4C1700BEEDAE = {
			isa = PBXGroup;
			children = (
				80C749B0278E4C1700BEEDAE /* MemeME */,
				80C749AF278E4C1700BEEDAE /* Products */,
			);
			sourceTree = "<group>";
		};
		80C749AF278E4C1700BEEDAE /* Products */ = {
			isa = PBXGroup;
			children = (
				80C749AE278E4C1700BEEDAE /* MemeME.app */,
			);
			name = Products;
			sourceTree = "<group>";
		};
		80C749B0278E4C1700BEEDAE /* MemeME */ = {
			isa = PBXGroup;
			children = (
				80C749B1278E4C1700BEEDAE /* AppDelegate.swift */,
				80C749B3278E4C1700BEEDAE /* SceneDelegate.swift */,
				803A9EB627A37DAB00C4235B /* RootTableViewController.swift */,
				80C749B5278E4C1700BEEDAE /* NewMemeViewController.swift */,
				803A9EAF27A36D4E00C4235B /* SentMemeViewController.swift */,
				80C749CC27A2207B00BEEDAE /* MemeManager.swift */,
				80C749C5278F551F00BEEDAE /* MemeTFDelegate.swift */,
				80C749B7278E4C1700BEEDAE /* Main.storyboard */,
				80C749BC278E4C1E00BEEDAE /* LaunchScreen.storyboard */,
				803A9EB527A37B9000C4235B /* Models */,
				80C749BA278E4C1E00BEEDAE /* Assets.xcassets */,
				80C749BF278E4C1E00BEEDAE /* Info.plist */,
			);
			path = MemeME;
			sourceTree = "<group>";
		};
/* End PBXGroup section */

/* Begin PBXNativeTarget section */
		80C749AD278E4C1700BEEDAE /* MemeME */ = {
			isa = PBXNativeTarget;
			buildConfigurationList = 80C749C2278E4C1E00BEEDAE /* Build configuration list for PBXNativeTarget "MemeME" */;
			buildPhases = (
				80C749AA278E4C1700BEEDAE /* Sources */,
				80C749AB278E4C1700BEEDAE /* Frameworks */,
				80C749AC278E4C1700BEEDAE /* Resources */,
			);
			buildRules = (
			);
			dependencies = (
			);
			name = MemeME;
			productName = ImagePickerTest;
			productReference = 80C749AE278E4C1700BEEDAE /* MemeME.app */;
			productType = "com.apple.product-type.application";
		};
/* End PBXNativeTarget section */

/* Begin PBXProject section */
		80C749A6278E4C1700BEEDAE /* Project object */ = {
			isa = PBXProject;
			attributes = {
				BuildIndependentTargetsInParallel = 1;
				LastSwiftUpdateCheck = 1320;
				LastUpgradeCheck = 1320;
				TargetAttributes = {
					80C749AD278E4C1700BEEDAE = {
						CreatedOnToolsVersion = 13.2.1;
					};
				};
			};
			buildConfigurationList = 80C749A9278E4C1700BEEDAE /* Build configuration list for PBXProject "MemeME" */;
			compatibilityVersion = "Xcode 13.0";
			developmentRegion = en;
			hasScannedForEncodings = 0;
			knownRegions = (
				en,
				Base,
			);
			mainGroup = 80C749A5278E4C1700BEEDAE;
			productRefGroup = 80C749AF278E4C1700BEEDAE /* Products */;
			projectDirPath = "";
			projectRoot = "";
			targets = (
				80C749AD278E4C1700BEEDAE /* MemeME */,
			);
		};
/* End PBXProject section */

/* Begin PBXResourcesBuildPhase section */
		80C749AC278E4C1700BEEDAE /* Resources */ = {
			isa = PBXResourcesBuildPhase;
			buildActionMask = 2147483647;
			files = (
				80C749BE278E4C1E00BEEDAE /* LaunchScreen.storyboard in Resources */,
				80C749BB278E4C1E00BEEDAE /* Assets.xcassets in Resources */,
				80C749B9278E4C1700BEEDAE /* Main.storyboard in Resources */,
			);
			runOnlyForDeploymentPostprocessing = 0;
		};
/* End PBXResourcesBuildPhase section */

/* Begin PBXSourcesBuildPhase section */
		80C749AA278E4C1700BEEDAE /* Sources */ = {
			isa = PBXSourcesBuildPhase;
			buildActionMask = 2147483647;
			files = (
				803A9EB027A36D4E00C4235B /* SentMemeViewController.swift in Sources */,
				80C749C6278F551F00BEEDAE /* MemeTFDelegate.swift in Sources */,
				80C749CD27A2207B00BEEDAE /* MemeManager.swift in Sources */,
				803A9EB727A37DAB00C4235B /* RootTableViewController.swift in Sources */,
				80C749B6278E4C1700BEEDAE /* NewMemeViewController.swift in Sources */,
				80C749B2278E4C1700BEEDAE /* AppDelegate.swift in Sources */,
				80C749B4278E4C1700BEEDAE /* SceneDelegate.swift in Sources */,
				80C749CB27A2201400BEEDAE /* MemeModel.swift in Sources */,
			);
			runOnlyForDeploymentPostprocessing = 0;
		};
/* End PBXSourcesBuildPhase section */

/* Begin PBXVariantGroup section */
		80C749B7278E4C1700BEEDAE /* Main.storyboard */ = {
			isa = PBXVariantGroup;
			children = (
				80C749B8278E4C1700BEEDAE /* Base */,
			);
			name = Main.storyboard;
			sourceTree = "<group>";
		};
		80C749BC278E4C1E00BEEDAE /* LaunchScreen.storyboard */ = {
			isa = PBXVariantGroup;
			children = (
				80C749BD278E4C1E00BEEDAE /* Base */,
			);
			name = LaunchScreen.storyboard;
			sourceTree = "<group>";
		};
/* End PBXVariantGroup section */

/* Begin XCBuildConfiguration section */
		80C749C0278E4C1E00BEEDAE /* Debug */ = {
			isa = XCBuildConfiguration;
			buildSettings = {
				ALWAYS_SEARCH_USER_PATHS = NO;
				CLANG_ANALYZER_NONNULL = YES;
				CLANG_ANALYZER_NUMBER_OBJECT_CONVERSION = YES_AGGRESSIVE;
				CLANG_CXX_LANGUAGE_STANDARD = "gnu++17";
				CLANG_CXX_LIBRARY = "libc++";
				CLANG_ENABLE_MODULES = YES;
				CLANG_ENABLE_OBJC_ARC = YES;
				CLANG_ENABLE_OBJC_WEAK = YES;
				CLANG_WARN_BLOCK_CAPTURE_AUTORELEASING = YES;
				CLANG_WARN_BOOL_CONVERSION = YES;
				CLANG_WARN_COMMA = YES;
				CLANG_WARN_CONSTANT_CONVERSION = YES;
				CLANG_WARN_DEPRECATED_OBJC_IMPLEMENTATIONS = YES;
				CLANG_WARN_DIRECT_OBJC_ISA_USAGE = YES_ERROR;
				CLANG_WARN_DOCUMENTATION_COMMENTS = YES;
				CLANG_WARN_EMPTY_BODY = YES;
				CLANG_WARN_ENUM_CONVERSION = YES;
				CLANG_WARN_INFINITE_RECURSION = YES;
				CLANG_WARN_INT_CONVERSION = YES;
				CLANG_WARN_NON_LITERAL_NULL_CONVERSION = YES;
				CLANG_WARN_OBJC_IMPLICIT_RETAIN_SELF = YES;
				CLANG_WARN_OBJC_LITERAL_CONVERSION = YES;
				CLANG_WARN_OBJC_ROOT_CLASS = YES_ERROR;
				CLANG_WARN_QUOTED_INCLUDE_IN_FRAMEWORK_HEADER = YES;
				CLANG_WARN_RANGE_LOOP_ANALYSIS = YES;
				CLANG_WARN_STRICT_PROTOTYPES = YES;
				CLANG_WARN_SUSPICIOUS_MOVE = YES;
				CLANG_WARN_UNGUARDED_AVAILABILITY = YES_AGGRESSIVE;
				CLANG_WARN_UNREACHABLE_CODE = YES;
				CLANG_WARN__DUPLICATE_METHOD_MATCH = YES;
				COPY_PHASE_STRIP = NO;
				DEBUG_INFORMATION_FORMAT = dwarf;
				ENABLE_STRICT_OBJC_MSGSEND = YES;
				ENABLE_TESTABILITY = YES;
				GCC_C_LANGUAGE_STANDARD = gnu11;
				GCC_DYNAMIC_NO_PIC = NO;
				GCC_NO_COMMON_BLOCKS = YES;
				GCC_OPTIMIZATION_LEVEL = 0;
				GCC_PREPROCESSOR_DEFINITIONS = (
					"DEBUG=1",
					"$(inherited)",
				);
				GCC_WARN_64_TO_32_BIT_CONVERSION = YES;
				GCC_WARN_ABOUT_RETURN_TYPE = YES_ERROR;
				GCC_WARN_UNDECLARED_SELECTOR = YES;
				GCC_WARN_UNINITIALIZED_AUTOS = YES_AGGRESSIVE;
				GCC_WARN_UNUSED_FUNCTION = YES;
				GCC_WARN_UNUSED_VARIABLE = YES;
				IPHONEOS_DEPLOYMENT_TARGET = 15.2;
				MTL_ENABLE_DEBUG_INFO = INCLUDE_SOURCE;
				MTL_FAST_MATH = YES;
				ONLY_ACTIVE_ARCH = YES;
				SDKROOT = iphoneos;
				SWIFT_ACTIVE_COMPILATION_CONDITIONS = DEBUG;
				SWIFT_OPTIMIZATION_LEVEL = "-Onone";
			};
			name = Debug;
		};
		80C749C1278E4C1E00BEEDAE /* Release */ = {
			isa = XCBuildConfiguration;
			buildSettings = {
				ALWAYS_SEARCH_USER_PATHS = NO;
				CLANG_ANALYZER_NONNULL = YES;
				CLANG_ANALYZER_NUMBER_OBJECT_CONVERSION = YES_AGGRESSIVE;
				CLANG_CXX_LANGUAGE_STANDARD = "gnu++17";
				CLANG_CXX_LIBRARY = "libc++";
				CLANG_ENABLE_MODULES = YES;
				CLANG_ENABLE_OBJC_ARC = YES;
				CLANG_ENABLE_OBJC_WEAK = YES;
				CLANG_WARN_BLOCK_CAPTURE_AUTORELEASING = YES;
				CLANG_WARN_BOOL_CONVERSION = YES;
				CLANG_WARN_COMMA = YES;
				CLANG_WARN_CONSTANT_CONVERSION = YES;
				CLANG_WARN_DEPRECATED_OBJC_IMPLEMENTATIONS = YES;
				CLANG_WARN_DIRECT_OBJC_ISA_USAGE = YES_ERROR;
				CLANG_WARN_DOCUMENTATION_COMMENTS = YES;
				CLANG_WARN_EMPTY_BODY = YES;
				CLANG_WARN_ENUM_CONVERSION = YES;
				CLANG_WARN_INFINITE_RECURSION = YES;
				CLANG_WARN_INT_CONVERSION = YES;
				CLANG_WARN_NON_LITERAL_NULL_CONVERSION = YES;
				CLANG_WARN_OBJC_IMPLICIT_RETAIN_SELF = YES;
				CLANG_WARN_OBJC_LITERAL_CONVERSION = YES;
				CLANG_WARN_OBJC_ROOT_CLASS = YES_ERROR;
				CLANG_WARN_QUOTED_INCLUDE_IN_FRAMEWORK_HEADER = YES;
				CLANG_WARN_RANGE_LOOP_ANALYSIS = YES;
				CLANG_WARN_STRICT_PROTOTYPES = YES;
				CLANG_WARN_SUSPICIOUS_MOVE = YES;
				CLANG_WARN_UNGUARDED_AVAILABILITY = YES_AGGRESSIVE;
				CLANG_WARN_UNREACHABLE_CODE = YES;
				CLANG_WARN__DUPLICATE_METHOD_MATCH = YES;
				COPY_PHASE_STRIP = NO;
				DEBUG_INFORMATION_FORMAT = "dwarf-with-dsym";
				ENABLE_NS_ASSERTIONS = NO;
				ENABLE_STRICT_OBJC_MSGSEND = YES;
				GCC_C_LANGUAGE_STANDARD = gnu11;
				GCC_NO_COMMON_BLOCKS = YES;
				GCC_WARN_64_TO_32_BIT_CONVERSION = YES;
				GCC_WARN_ABOUT_RETURN_TYPE = YES_ERROR;
				GCC_WARN_UNDECLARED_SELECTOR = YES;
				GCC_WARN_UNINITIALIZED_AUTOS = YES_AGGRESSIVE;
				GCC_WARN_UNUSED_FUNCTION = YES;
				GCC_WARN_UNUSED_VARIABLE = YES;
				IPHONEOS_DEPLOYMENT_TARGET = 15.2;
				MTL_ENABLE_DEBUG_INFO = NO;
				MTL_FAST_MATH = YES;
				SDKROOT = iphoneos;
				SWIFT_COMPILATION_MODE = wholemodule;
				SWIFT_OPTIMIZATION_LEVEL = "-O";
				VALIDATE_PRODUCT = YES;
			};
			name = Release;
		};
		80C749C3278E4C1E00BEEDAE /* Debug */ = {
			isa = XCBuildConfiguration;
			buildSettings = {
				ASSETCATALOG_COMPILER_APPICON_NAME = AppIcon;
				ASSETCATALOG_COMPILER_GLOBAL_ACCENT_COLOR_NAME = AccentColor;
				CODE_SIGN_STYLE = Automatic;
				CURRENT_PROJECT_VERSION = 1;
				DEVELOPMENT_TEAM = 4DMQG45293;
				GENERATE_INFOPLIST_FILE = YES;
				INFOPLIST_FILE = ImagePickerTest/Info.plist;
				INFOPLIST_KEY_CFBundleDisplayName = MemeME;
				INFOPLIST_KEY_NSActivityUSageDescription = "You must give permission for MemeME to save your meme. ";
				INFOPLIST_KEY_NSAppleMusicUsageDescription = "You must give permission for MemeME to access your photos";
				INFOPLIST_KEY_NSCameraUsageDescription = "You must give permission for MemeME to access your camera";
				INFOPLIST_KEY_UIApplicationSupportsIndirectInputEvents = YES;
				INFOPLIST_KEY_UILaunchStoryboardName = LaunchScreen;
				INFOPLIST_KEY_UIMainStoryboardFile = Main;
				INFOPLIST_KEY_UISupportedInterfaceOrientations_iPad = "UIInterfaceOrientationPortrait UIInterfaceOrientationPortraitUpsideDown UIInterfaceOrientationLandscapeLeft UIInterfaceOrientationLandscapeRight";
				INFOPLIST_KEY_UISupportedInterfaceOrientations_iPhone = "UIInterfaceOrientationPortrait UIInterfaceOrientationLandscapeLeft UIInterfaceOrientationLandscapeRight";
				IPHONEOS_DEPLOYMENT_TARGET = 15.0;
				LD_RUNPATH_SEARCH_PATHS = (
					"$(inherited)",
					"@executable_path/Frameworks",
				);
				MARKETING_VERSION = 1.0;
				PRODUCT_BUNDLE_IDENTIFIER = Solomon.memeME;
				PRODUCT_NAME = "$(TARGET_NAME)";
				SWIFT_COMPILATION_MODE = wholemodule;
				SWIFT_EMIT_LOC_STRINGS = YES;
				SWIFT_VERSION = 5.0;
				TARGETED_DEVICE_FAMILY = "1,2";
			};
			name = Debug;
		};
		80C749C4278E4C1E00BEEDAE /* Release */ = {
			isa = XCBuildConfiguration;
			buildSettings = {
				ASSETCATALOG_COMPILER_APPICON_NAME = AppIcon;
				ASSETCATALOG_COMPILER_GLOBAL_ACCENT_COLOR_NAME = AccentColor;
				CODE_SIGN_STYLE = Automatic;
				CURRENT_PROJECT_VERSION = 1;
				DEVELOPMENT_TEAM = 4DMQG45293;
				GENERATE_INFOPLIST_FILE = YES;
				INFOPLIST_FILE = ImagePickerTest/Info.plist;
				INFOPLIST_KEY_CFBundleDisplayName = MemeME;
				INFOPLIST_KEY_NSActivityUSageDescription = "You must give permission for MemeME to save your meme. ";
				INFOPLIST_KEY_NSAppleMusicUsageDescription = "You must give permission for MemeME to access your photos";
				INFOPLIST_KEY_NSCameraUsageDescription = "You must give permission for MemeME to access your camera";
				INFOPLIST_KEY_UIApplicationSupportsIndirectInputEvents = YES;
				INFOPLIST_KEY_UILaunchStoryboardName = LaunchScreen;
				INFOPLIST_KEY_UIMainStoryboardFile = Main;
				INFOPLIST_KEY_UISupportedInterfaceOrientations_iPad = "UIInterfaceOrientationPortrait UIInterfaceOrientationPortraitUpsideDown UIInterfaceOrientationLandscapeLeft UIInterfaceOrientationLandscapeRight";
				INFOPLIST_KEY_UISupportedInterfaceOrientations_iPhone = "UIInterfaceOrientationPortrait UIInterfaceOrientationLandscapeLeft UIInterfaceOrientationLandscapeRight";
				IPHONEOS_DEPLOYMENT_TARGET = 15.0;
				LD_RUNPATH_SEARCH_PATHS = (
					"$(inherited)",
					"@executable_path/Frameworks",
				);
				MARKETING_VERSION = 1.0;
				PRODUCT_BUNDLE_IDENTIFIER = Solomon.memeME;
				PRODUCT_NAME = "$(TARGET_NAME)";
				SWIFT_COMPILATION_MODE = wholemodule;
				SWIFT_EMIT_LOC_STRINGS = YES;
				SWIFT_VERSION = 5.0;
				TARGETED_DEVICE_FAMILY = "1,2";
			};
			name = Release;
		};
/* End XCBuildConfiguration section */

/* Begin XCConfigurationList section */
		80C749A9278E4C1700BEEDAE /* Build configuration list for PBXProject "MemeME" */ = {
			isa = XCConfigurationList;
			buildConfigurations = (
				80C749C0278E4C1E00BEEDAE /* Debug */,
				80C749C1278E4C1E00BEEDAE /* Release */,
			);
			defaultConfigurationIsVisible = 0;
			defaultConfigurationName = Release;
		};
		80C749C2278E4C1E00BEEDAE /* Build configuration list for PBXNativeTarget "MemeME" */ = {
			isa = XCConfigurationList;
			buildConfigurations = (
				80C749C3278E4C1E00BEEDAE /* Debug */,
				80C749C4278E4C1E00BEEDAE /* Release */,
			);
			defaultConfigurationIsVisible = 0;
			defaultConfigurationName = Release;
		};
/* End XCConfigurationList section */
	};
	rootObject = 80C749A6278E4C1700BEEDAE /* Project object */;
}
